{
  "version": 1,
  "dependencies": {
    ".NETStandard,Version=v2.0": {
      "Avalonia": {
        "type": "Direct",
        "requested": "[11.3.9, )",
        "resolved": "11.3.9",
        "contentHash": "YfaTrUxcmVTsGOw2YqdZyunHqZArK16m1pYfNIBvyvAgX89Pzd3A1PgoMkf64u7scL23IN6HkfqhZeFcbYWLoA==",
        "dependencies": {
          "Avalonia.BuildServices": "11.3.2",
          "Avalonia.Remote.Protocol": "11.3.9",
          "MicroCom.Runtime": "0.11.0",
          "Microsoft.Bcl.AsyncInterfaces": "6.0.0",
          "System.ComponentModel.Annotations": "4.5.0",
          "System.Diagnostics.DiagnosticSource": "8.0.1",
          "System.Memory": "4.5.5"
        }
      },
      "Avalonia.Diagnostics": {
        "type": "Direct",
        "requested": "[11.3.9, )",
        "resolved": "11.3.9",
        "contentHash": "d2XGagyYZvFGv6adGrEzCNyoF+6Pfl+YU9zfUE4XyYBMw1zQcv2TBL6nRduZnqlCovf+zJZnNHA8cqpvwWJp7Q==",
        "dependencies": {
          "Avalonia": "11.3.9",
          "Avalonia.Controls.ColorPicker": "11.3.9",
          "Avalonia.Themes.Simple": "11.3.9"
        }
      },
      "DotNet.ReproducibleBuilds": {
        "type": "Direct",
        "requested": "[1.*, )",
        "resolved": "1.2.39",
        "contentHash": "fcFN01tDTIQqDuTwr1jUQK/geofiwjG5DycJQOnC72i1SsLAk1ELe+apBOuZ11UMQG8YKFZG1FgvjZPbqHyatg=="
      },
      "GitVersion.MsBuild": {
        "type": "Direct",
        "requested": "[6.5.1, )",
        "resolved": "6.5.1",
        "contentHash": "92zAmfGWVtjHM8eR7O+1WWxqP+gulXvVqu3Sb1+KzuImdmxBt/bln/dMRvsIyV69KEiSrtbUoet4HBjG+bOLyw=="
      },
      "HotAvalonia": {
        "type": "Direct",
        "requested": "[3.0.2, )",
        "resolved": "3.0.2",
        "contentHash": "VzTekt+vLLkyKOXJZfIO8FHjsUMV5pfXZtLK3sUzHGTpfMD3c4QHYwAVHh1IfoOdkulfvISvUkDxNGFauZ0Y5w==",
        "dependencies": {
          "Avalonia.Markup.Xaml.Loader": "11.0.0",
          "HotAvalonia.Core": "3.0.2",
          "HotAvalonia.Extensions": "3.0.2",
          "HotAvalonia.Fody": "3.0.2"
        }
      },
      "Meziantou.Polyfill": {
        "type": "Direct",
        "requested": "[1.*, )",
        "resolved": "1.0.82",
        "contentHash": "RI/PRZmEdAHf1jgLJm11WK37u7Q+5I7OoMnSrcCaNIeuuADamIYbtwS/PC+Bc+iGoIkgYRDQusS1LkaqWGaLBQ=="
      },
      "Microsoft.SourceLink.GitHub": {
        "type": "Direct",
        "requested": "[10.0.102, )",
        "resolved": "10.0.102",
        "contentHash": "Oxq3RCIJSdtpIU4hLqO7XaDe/Ra3HS9Wi8rJl838SAg6Zu1iQjerA0+xXWBgUFYbgknUGCLOU0T+lzMLkvY9Qg==",
        "dependencies": {
          "Microsoft.Build.Tasks.Git": "10.0.102",
          "Microsoft.SourceLink.Common": "10.0.102"
        }
      },
      "NETStandard.Library": {
        "type": "Direct",
        "requested": "[2.0.3, )",
        "resolved": "2.0.3",
        "contentHash": "st47PosZSHrjECdjeIzZQbzivYBJFv6P2nv4cj2ypdI204DO+vZ7l5raGMiX4eXMJ53RfOIg+/s4DHVZ54Nu2A==",
        "dependencies": {
          "Microsoft.NETCore.Platforms": "1.1.0"
        }
      },
      "Avalonia.BuildServices": {
        "type": "Transitive",
        "resolved": "11.3.2",
        "contentHash": "qHDToxto1e3hci5YqbG9n0Ty8mlp3zBUN5wT66wKqaDVzXyQ0do3EnRILd4Ke9jpvsktaPpgE0YjEk7hornryQ=="
      },
      "Avalonia.Controls.ColorPicker": {
        "type": "Transitive",
        "resolved": "11.3.9",
        "contentHash": "AVn/h8R/jhlHLIImECZnCTpcrcRo319J7y2gJ/YU4ELMaCsRTmWY3dxlRyBDbyCukURTupGmsPy6gb7XEYbWow==",
        "dependencies": {
          "Avalonia": "11.3.9",
          "Avalonia.Remote.Protocol": "11.3.9"
        }
      },
      "Avalonia.Markup.Xaml.Loader": {
        "type": "Transitive",
        "resolved": "11.0.0",
        "contentHash": "SDcf5qvleyTb0R24vzZBhFJV9ONlGz0ftOBRxXiSy7R6c513Rjnae0IImuUXSIj+Bmn8AjU6x9eDFRJO78pYVA==",
        "dependencies": {
          "Avalonia": "11.0.0",
          "System.Reflection.Emit": "4.3.0"
        }
      },
      "Avalonia.Remote.Protocol": {
        "type": "Transitive",
        "resolved": "11.3.9",
        "contentHash": "2XVLTSNa+Nvwu4D8NqqdudhllTaCRA9ZKlLZZvYLZeuLlzg7OcAV+df/biHQc6AqOv7iMFR9K5Zt3wG0EF4KfQ=="
      },
      "Avalonia.Themes.Simple": {
        "type": "Transitive",
        "resolved": "11.3.9",
        "contentHash": "BicF6GQJJs6sI5+GcuTujnUdMijVyBpD3QD9O9ZpqkSSDE3vyZFbRZb5MyCBlPu/LxPANnKoTW95erlpYIICTw==",
        "dependencies": {
          "Avalonia": "11.3.9"
        }
      },
      "Fody": {
        "type": "Transitive",
        "resolved": "6.9.2",
        "contentHash": "YBHobPGogb0vYhGYIxn/ndWqTjNWZveDi5jdjrcshL2vjwU3gQGyDeI7vGgye+2rAM5fGRvlLgNWLW3DpviS/w=="
      },
      "HotAvalonia.Core": {
        "type": "Transitive",
        "resolved": "3.0.2",
        "contentHash": "WAtXZdrHNa4mF/U0BP27Xtsj9nY9dn/UsA76lr49eCxcEU9v9E3bAPABSkMPeObQycn3eYZI2epKI2bVrrRyiw==",
        "dependencies": {
          "System.Reflection.Emit.Lightweight": "4.7.0",
          "System.Reflection.Metadata": "9.0.3"
        }
      },
      "HotAvalonia.Extensions": {
        "type": "Transitive",
        "resolved": "3.0.2",
        "contentHash": "PuAk1aGyScsWuBQ2jnbGpFMC0thnWZSzz11vtHrKaNp5ExiASqHGsqjssD3+hwrt9MYwS5C3iiwJZj1R+CKq2g=="
      },
      "HotAvalonia.Fody": {
        "type": "Transitive",
        "resolved": "3.0.2",
        "contentHash": "4+3CRqVUQtdIq/AFKbZRejAJXjFNHuunHuHB+qOW2hFiTn4GIzmuhuprWWt/PvZF8muJfQ8Zwl75pAmt8Ynf/w==",
        "dependencies": {
          "Fody": "6.9.2"
        }
      },
      "MicroCom.Runtime": {
        "type": "Transitive",
        "resolved": "0.11.0",
        "contentHash": "MEnrZ3UIiH40hjzMDsxrTyi8dtqB5ziv3iBeeU4bXsL/7NLSal9F1lZKpK+tfBRnUoDSdtcW3KufE4yhATOMCA=="
      },
      "Microsoft.Bcl.AsyncInterfaces": {
        "type": "Transitive",
        "resolved": "6.0.0",
        "contentHash": "UcSjPsst+DfAdJGVDsu346FX0ci0ah+lw3WRtn18NUwEqRt70HaOQ7lI72vy3+1LxtqI3T5GWwV39rQSrCzAeg==",
        "dependencies": {
          "System.Threading.Tasks.Extensions": "4.5.4"
        }
      },
      "Microsoft.Build.Tasks.Git": {
        "type": "Transitive",
        "resolved": "10.0.102",
        "contentHash": "0i81LYX31U6UiXz4NOLbvc++u+/mVDmOt+PskrM/MygpDxkv9THKQyRUmavBpLK6iBV0abNWnn+CQgSRz//Pwg=="
      },
      "Microsoft.NETCore.Platforms": {
        "type": "Transitive",
        "resolved": "1.1.0",
        "contentHash": "kz0PEW2lhqygehI/d6XsPCQzD7ff7gUJaVGPVETX611eadGsA3A877GdSlU0LRVMCTH/+P3o2iDTak+S08V2+A=="
      },
      "Microsoft.SourceLink.Common": {
        "type": "Transitive",
        "resolved": "10.0.102",
        "contentHash": "Mk1IMb9q5tahC2NltxYXFkLBtuBvfBoCQ3pIxYQWfzbCE9o1OB9SsHe0hnNGo7lWgTA/ePbFAJLWu6nLL9K17A=="
      },
      "System.Buffers": {
        "type": "Transitive",
        "resolved": "4.5.1",
        "contentHash": "Rw7ijyl1qqRS0YQD/WycNst8hUUMgrMH4FCn1nNm27M4VxchZ1js3fVjQaANHO5f3sN4isvP4a+Met9Y4YomAg=="
      },
      "System.Collections.Immutable": {
        "type": "Transitive",
        "resolved": "9.0.3",
        "contentHash": "CfYi30Pbpw9aGpXVLcoGt+yM0egrE8M1DUOOwdAWOAQ2QZkXkSgjonqZYvtKdxUF1XJaLCp0OdTXueeAeUHSlQ==",
        "dependencies": {
          "System.Memory": "4.5.5",
          "System.Runtime.CompilerServices.Unsafe": "6.0.0"
        }
      },
      "System.ComponentModel.Annotations": {
        "type": "Transitive",
        "resolved": "4.5.0",
        "contentHash": "UxYQ3FGUOtzJ7LfSdnYSFd7+oEv6M8NgUatatIN2HxNtDdlcvFAf+VIq4Of9cDMJEJC0aSRv/x898RYhB4Yppg=="
      },
      "System.Diagnostics.DiagnosticSource": {
        "type": "Transitive",
        "resolved": "8.0.1",
        "contentHash": "vaoWjvkG1aenR2XdjaVivlCV9fADfgyhW5bZtXT23qaEea0lWiUljdQuze4E31vKM7ZWJaSUsbYIKE3rnzfZUg==",
        "dependencies": {
          "System.Memory": "4.5.5",
          "System.Runtime.CompilerServices.Unsafe": "6.0.0"
        }
      },
      "System.Memory": {
        "type": "Transitive",
        "resolved": "4.5.5",
        "contentHash": "XIWiDvKPXaTveaB7HVganDlOCRoj03l+jrwNvcge/t8vhGYKvqV+dMv6G4SAX2NoNmN0wZfVPTAlFwZcZvVOUw==",
        "dependencies": {
          "System.Buffers": "4.5.1",
          "System.Numerics.Vectors": "4.4.0",
          "System.Runtime.CompilerServices.Unsafe": "4.5.3"
        }
      },
      "System.Numerics.Vectors": {
        "type": "Transitive",
        "resolved": "4.4.0",
        "contentHash": "UiLzLW+Lw6HLed1Hcg+8jSRttrbuXv7DANVj0DkL9g6EnnzbL75EB7EWsw5uRbhxd/4YdG8li5XizGWepmG3PQ=="
      },
      "System.Reflection.Emit": {
        "type": "Transitive",
        "resolved": "4.3.0",
        "contentHash": "228FG0jLcIwTVJyz8CLFKueVqQK36ANazUManGaJHkO0icjiIypKW7YLWLIWahyIkdh5M7mV2dJepllLyA1SKg==",
        "dependencies": {
          "System.Reflection.Emit.ILGeneration": "4.3.0"
        }
      },
      "System.Reflection.Emit.ILGeneration": {
        "type": "Transitive",
        "resolved": "4.7.0",
        "contentHash": "AucBYo3DSI0IDxdUjKksBcQJXPHyoPyrCXYURW1WDsLI4M65Ar/goSHjdnHOAY9MiYDNKqDlIgaYm+zL2hA1KA=="
      },
      "System.Reflection.Emit.Lightweight": {
        "type": "Transitive",
        "resolved": "4.7.0",
        "contentHash": "a4OLB4IITxAXJeV74MDx49Oq2+PsF6Sml54XAFv+2RyWwtDBcabzoxiiJRhdhx+gaohLh4hEGCLQyBozXoQPqA==",
        "dependencies": {
          "System.Reflection.Emit.ILGeneration": "4.7.0"
        }
      },
      "System.Reflection.Metadata": {
        "type": "Transitive",
        "resolved": "9.0.3",
        "contentHash": "7oYePO1JGlCPxOzawf8nkn80eYYboQaB4FvBWDPEvOzVHZVf96tdgbgq8LHSBrkeQoLRivx7+YhTCtirdQ386g==",
        "dependencies": {
          "System.Collections.Immutable": "9.0.3",
          "System.Memory": "4.5.5"
        }
      },
      "System.Runtime.CompilerServices.Unsafe": {
        "type": "Transitive",
        "resolved": "6.0.0",
        "contentHash": "/iUeP3tq1S0XdNNoMz5C9twLSrM/TH+qElHkXWaPvuNOt+99G75NrV0OS2EqHx5wMN7popYjpc8oTjC1y16DLg=="
      },
      "System.Threading.Tasks.Extensions": {
        "type": "Transitive",
        "resolved": "4.5.4",
        "contentHash": "zteT+G8xuGu6mS+mzDzYXbzS7rd3K6Fjb9RiZlYlJPam2/hU7JCBZBVEcywNuR+oZ1ncTvc/cq0faRr3P01OVg==",
        "dependencies": {
          "System.Runtime.CompilerServices.Unsafe": "4.5.3"
        }
      }
    },
    "net10.0": {
      "Avalonia": {
        "type": "Direct",
        "requested": "[11.3.9, )",
        "resolved": "11.3.9",
        "contentHash": "YfaTrUxcmVTsGOw2YqdZyunHqZArK16m1pYfNIBvyvAgX89Pzd3A1PgoMkf64u7scL23IN6HkfqhZeFcbYWLoA==",
        "dependencies": {
          "Avalonia.BuildServices": "11.3.2",
          "Avalonia.Remote.Protocol": "11.3.9",
          "MicroCom.Runtime": "0.11.0"
        }
      },
      "Avalonia.Diagnostics": {
        "type": "Direct",
        "requested": "[11.3.9, )",
        "resolved": "11.3.9",
        "contentHash": "d2XGagyYZvFGv6adGrEzCNyoF+6Pfl+YU9zfUE4XyYBMw1zQcv2TBL6nRduZnqlCovf+zJZnNHA8cqpvwWJp7Q==",
        "dependencies": {
          "Avalonia": "11.3.9",
          "Avalonia.Controls.ColorPicker": "11.3.9",
          "Avalonia.Themes.Simple": "11.3.9"
        }
      },
      "DotNet.ReproducibleBuilds": {
        "type": "Direct",
        "requested": "[1.*, )",
        "resolved": "1.2.39",
        "contentHash": "fcFN01tDTIQqDuTwr1jUQK/geofiwjG5DycJQOnC72i1SsLAk1ELe+apBOuZ11UMQG8YKFZG1FgvjZPbqHyatg=="
      },
      "GitVersion.MsBuild": {
        "type": "Direct",
        "requested": "[6.5.1, )",
        "resolved": "6.5.1",
        "contentHash": "92zAmfGWVtjHM8eR7O+1WWxqP+gulXvVqu3Sb1+KzuImdmxBt/bln/dMRvsIyV69KEiSrtbUoet4HBjG+bOLyw=="
      },
      "HotAvalonia": {
        "type": "Direct",
        "requested": "[3.0.2, )",
        "resolved": "3.0.2",
        "contentHash": "VzTekt+vLLkyKOXJZfIO8FHjsUMV5pfXZtLK3sUzHGTpfMD3c4QHYwAVHh1IfoOdkulfvISvUkDxNGFauZ0Y5w==",
        "dependencies": {
          "Avalonia.Markup.Xaml.Loader": "11.0.0",
          "HotAvalonia.Core": "3.0.2",
          "HotAvalonia.Extensions": "3.0.2",
          "HotAvalonia.Fody": "3.0.2"
        }
      },
      "Meziantou.Polyfill": {
        "type": "Direct",
        "requested": "[1.*, )",
        "resolved": "1.0.100",
        "contentHash": "SH+OtcdvCkv4GvxBnZkQMxq78trhVCKViyhyiMLB2pvH2ZGoiXo7QdwULOPQ0smpya2d4fYFCIjYZnv05Qg+7w=="
      },
      "Microsoft.NET.ILLink.Tasks": {
        "type": "Direct",
        "requested": "[10.0.1, )",
        "resolved": "10.0.1",
        "contentHash": "ISahzLHsHY7vrwqr2p1YWZ+gsxoBRtH7gWRDK8fDUst9pp2He0GiesaqEfeX0V8QMCJM3eNEHGGpnIcPjFo2NQ=="
      },
      "Microsoft.SourceLink.GitHub": {
        "type": "Direct",
        "requested": "[10.0.102, )",
        "resolved": "10.0.102",
        "contentHash": "Oxq3RCIJSdtpIU4hLqO7XaDe/Ra3HS9Wi8rJl838SAg6Zu1iQjerA0+xXWBgUFYbgknUGCLOU0T+lzMLkvY9Qg==",
        "dependencies": {
          "Microsoft.Build.Tasks.Git": "10.0.102",
          "Microsoft.SourceLink.Common": "10.0.102"
        }
      },
      "Avalonia.BuildServices": {
        "type": "Transitive",
        "resolved": "11.3.2",
        "contentHash": "qHDToxto1e3hci5YqbG9n0Ty8mlp3zBUN5wT66wKqaDVzXyQ0do3EnRILd4Ke9jpvsktaPpgE0YjEk7hornryQ=="
      },
      "Avalonia.Controls.ColorPicker": {
        "type": "Transitive",
        "resolved": "11.3.9",
        "contentHash": "AVn/h8R/jhlHLIImECZnCTpcrcRo319J7y2gJ/YU4ELMaCsRTmWY3dxlRyBDbyCukURTupGmsPy6gb7XEYbWow==",
        "dependencies": {
          "Avalonia": "11.3.9",
          "Avalonia.Remote.Protocol": "11.3.9"
        }
      },
      "Avalonia.Markup.Xaml.Loader": {
        "type": "Transitive",
        "resolved": "11.0.0",
        "contentHash": "SDcf5qvleyTb0R24vzZBhFJV9ONlGz0ftOBRxXiSy7R6c513Rjnae0IImuUXSIj+Bmn8AjU6x9eDFRJO78pYVA==",
        "dependencies": {
          "Avalonia": "11.0.0"
        }
      },
      "Avalonia.Remote.Protocol": {
        "type": "Transitive",
        "resolved": "11.3.9",
        "contentHash": "2XVLTSNa+Nvwu4D8NqqdudhllTaCRA9ZKlLZZvYLZeuLlzg7OcAV+df/biHQc6AqOv7iMFR9K5Zt3wG0EF4KfQ=="
      },
      "Avalonia.Themes.Simple": {
        "type": "Transitive",
        "resolved": "11.3.9",
        "contentHash": "BicF6GQJJs6sI5+GcuTujnUdMijVyBpD3QD9O9ZpqkSSDE3vyZFbRZb5MyCBlPu/LxPANnKoTW95erlpYIICTw==",
        "dependencies": {
          "Avalonia": "11.3.9"
        }
      },
      "Fody": {
        "type": "Transitive",
        "resolved": "6.9.2",
        "contentHash": "YBHobPGogb0vYhGYIxn/ndWqTjNWZveDi5jdjrcshL2vjwU3gQGyDeI7vGgye+2rAM5fGRvlLgNWLW3DpviS/w=="
      },
      "HotAvalonia.Core": {
        "type": "Transitive",
        "resolved": "3.0.2",
        "contentHash": "WAtXZdrHNa4mF/U0BP27Xtsj9nY9dn/UsA76lr49eCxcEU9v9E3bAPABSkMPeObQycn3eYZI2epKI2bVrrRyiw=="
      },
      "HotAvalonia.Extensions": {
        "type": "Transitive",
        "resolved": "3.0.2",
        "contentHash": "PuAk1aGyScsWuBQ2jnbGpFMC0thnWZSzz11vtHrKaNp5ExiASqHGsqjssD3+hwrt9MYwS5C3iiwJZj1R+CKq2g=="
      },
      "HotAvalonia.Fody": {
        "type": "Transitive",
        "resolved": "3.0.2",
        "contentHash": "4+3CRqVUQtdIq/AFKbZRejAJXjFNHuunHuHB+qOW2hFiTn4GIzmuhuprWWt/PvZF8muJfQ8Zwl75pAmt8Ynf/w==",
        "dependencies": {
          "Fody": "6.9.2"
        }
      },
      "MicroCom.Runtime": {
        "type": "Transitive",
        "resolved": "0.11.0",
        "contentHash": "MEnrZ3UIiH40hjzMDsxrTyi8dtqB5ziv3iBeeU4bXsL/7NLSal9F1lZKpK+tfBRnUoDSdtcW3KufE4yhATOMCA=="
      },
      "Microsoft.Build.Tasks.Git": {
        "type": "Transitive",
        "resolved": "10.0.102",
        "contentHash": "0i81LYX31U6UiXz4NOLbvc++u+/mVDmOt+PskrM/MygpDxkv9THKQyRUmavBpLK6iBV0abNWnn+CQgSRz//Pwg=="
      },
      "Microsoft.SourceLink.Common": {
        "type": "Transitive",
        "resolved": "10.0.102",
        "contentHash": "Mk1IMb9q5tahC2NltxYXFkLBtuBvfBoCQ3pIxYQWfzbCE9o1OB9SsHe0hnNGo7lWgTA/ePbFAJLWu6nLL9K17A=="
      }
    },
    "net8.0": {
      "Avalonia": {
        "type": "Direct",
        "requested": "[11.3.9, )",
        "resolved": "11.3.9",
        "contentHash": "YfaTrUxcmVTsGOw2YqdZyunHqZArK16m1pYfNIBvyvAgX89Pzd3A1PgoMkf64u7scL23IN6HkfqhZeFcbYWLoA==",
        "dependencies": {
          "Avalonia.BuildServices": "11.3.2",
          "Avalonia.Remote.Protocol": "11.3.9",
          "MicroCom.Runtime": "0.11.0"
        }
      },
      "Avalonia.Diagnostics": {
        "type": "Direct",
        "requested": "[11.3.9, )",
        "resolved": "11.3.9",
        "contentHash": "d2XGagyYZvFGv6adGrEzCNyoF+6Pfl+YU9zfUE4XyYBMw1zQcv2TBL6nRduZnqlCovf+zJZnNHA8cqpvwWJp7Q==",
        "dependencies": {
          "Avalonia": "11.3.9",
          "Avalonia.Controls.ColorPicker": "11.3.9",
          "Avalonia.Themes.Simple": "11.3.9"
        }
      },
      "DotNet.ReproducibleBuilds": {
        "type": "Direct",
        "requested": "[1.*, )",
        "resolved": "1.2.39",
        "contentHash": "fcFN01tDTIQqDuTwr1jUQK/geofiwjG5DycJQOnC72i1SsLAk1ELe+apBOuZ11UMQG8YKFZG1FgvjZPbqHyatg=="
      },
      "GitVersion.MsBuild": {
        "type": "Direct",
        "requested": "[6.5.1, )",
        "resolved": "6.5.1",
        "contentHash": "92zAmfGWVtjHM8eR7O+1WWxqP+gulXvVqu3Sb1+KzuImdmxBt/bln/dMRvsIyV69KEiSrtbUoet4HBjG+bOLyw=="
      },
      "HotAvalonia": {
        "type": "Direct",
        "requested": "[3.0.2, )",
        "resolved": "3.0.2",
        "contentHash": "VzTekt+vLLkyKOXJZfIO8FHjsUMV5pfXZtLK3sUzHGTpfMD3c4QHYwAVHh1IfoOdkulfvISvUkDxNGFauZ0Y5w==",
        "dependencies": {
          "Avalonia.Markup.Xaml.Loader": "11.0.0",
          "HotAvalonia.Core": "3.0.2",
          "HotAvalonia.Extensions": "3.0.2",
          "HotAvalonia.Fody": "3.0.2"
        }
      },
      "Meziantou.Polyfill": {
        "type": "Direct",
        "requested": "[1.*, )",
        "resolved": "1.0.100",
        "contentHash": "SH+OtcdvCkv4GvxBnZkQMxq78trhVCKViyhyiMLB2pvH2ZGoiXo7QdwULOPQ0smpya2d4fYFCIjYZnv05Qg+7w=="
      },
      "Microsoft.NET.ILLink.Tasks": {
        "type": "Direct",
        "requested": "[8.0.23, )",
        "resolved": "8.0.23",
        "contentHash": "GqHiB1HbbODWPbY/lc5xLQH8siEEhNA0ptpJCC6X6adtAYNEzu5ZlqV3YHA3Gh7fuEwgA8XqVwMtH2KNtuQM1Q=="
      },
      "Microsoft.SourceLink.GitHub": {
        "type": "Direct",
        "requested": "[10.0.102, )",
        "resolved": "10.0.102",
        "contentHash": "Oxq3RCIJSdtpIU4hLqO7XaDe/Ra3HS9Wi8rJl838SAg6Zu1iQjerA0+xXWBgUFYbgknUGCLOU0T+lzMLkvY9Qg==",
        "dependencies": {
          "Microsoft.Build.Tasks.Git": "10.0.102",
          "Microsoft.SourceLink.Common": "10.0.102"
        }
      },
      "Avalonia.BuildServices": {
        "type": "Transitive",
        "resolved": "11.3.2",
        "contentHash": "qHDToxto1e3hci5YqbG9n0Ty8mlp3zBUN5wT66wKqaDVzXyQ0do3EnRILd4Ke9jpvsktaPpgE0YjEk7hornryQ=="
      },
      "Avalonia.Controls.ColorPicker": {
        "type": "Transitive",
        "resolved": "11.3.9",
        "contentHash": "AVn/h8R/jhlHLIImECZnCTpcrcRo319J7y2gJ/YU4ELMaCsRTmWY3dxlRyBDbyCukURTupGmsPy6gb7XEYbWow==",
        "dependencies": {
          "Avalonia": "11.3.9",
          "Avalonia.Remote.Protocol": "11.3.9"
        }
      },
      "Avalonia.Markup.Xaml.Loader": {
        "type": "Transitive",
        "resolved": "11.0.0",
        "contentHash": "SDcf5qvleyTb0R24vzZBhFJV9ONlGz0ftOBRxXiSy7R6c513Rjnae0IImuUXSIj+Bmn8AjU6x9eDFRJO78pYVA==",
        "dependencies": {
          "Avalonia": "11.0.0"
        }
      },
      "Avalonia.Remote.Protocol": {
        "type": "Transitive",
        "resolved": "11.3.9",
        "contentHash": "2XVLTSNa+Nvwu4D8NqqdudhllTaCRA9ZKlLZZvYLZeuLlzg7OcAV+df/biHQc6AqOv7iMFR9K5Zt3wG0EF4KfQ=="
      },
      "Avalonia.Themes.Simple": {
        "type": "Transitive",
        "resolved": "11.3.9",
        "contentHash": "BicF6GQJJs6sI5+GcuTujnUdMijVyBpD3QD9O9ZpqkSSDE3vyZFbRZb5MyCBlPu/LxPANnKoTW95erlpYIICTw==",
        "dependencies": {
          "Avalonia": "11.3.9"
        }
      },
      "Fody": {
        "type": "Transitive",
        "resolved": "6.9.2",
        "contentHash": "YBHobPGogb0vYhGYIxn/ndWqTjNWZveDi5jdjrcshL2vjwU3gQGyDeI7vGgye+2rAM5fGRvlLgNWLW3DpviS/w=="
      },
      "HotAvalonia.Core": {
        "type": "Transitive",
        "resolved": "3.0.2",
        "contentHash": "WAtXZdrHNa4mF/U0BP27Xtsj9nY9dn/UsA76lr49eCxcEU9v9E3bAPABSkMPeObQycn3eYZI2epKI2bVrrRyiw==",
        "dependencies": {
          "System.Reflection.Metadata": "9.0.3"
        }
      },
      "HotAvalonia.Extensions": {
        "type": "Transitive",
        "resolved": "3.0.2",
        "contentHash": "PuAk1aGyScsWuBQ2jnbGpFMC0thnWZSzz11vtHrKaNp5ExiASqHGsqjssD3+hwrt9MYwS5C3iiwJZj1R+CKq2g=="
      },
      "HotAvalonia.Fody": {
        "type": "Transitive",
        "resolved": "3.0.2",
        "contentHash": "4+3CRqVUQtdIq/AFKbZRejAJXjFNHuunHuHB+qOW2hFiTn4GIzmuhuprWWt/PvZF8muJfQ8Zwl75pAmt8Ynf/w==",
        "dependencies": {
          "Fody": "6.9.2"
        }
      },
      "MicroCom.Runtime": {
        "type": "Transitive",
        "resolved": "0.11.0",
        "contentHash": "MEnrZ3UIiH40hjzMDsxrTyi8dtqB5ziv3iBeeU4bXsL/7NLSal9F1lZKpK+tfBRnUoDSdtcW3KufE4yhATOMCA=="
      },
      "Microsoft.Build.Tasks.Git": {
        "type": "Transitive",
        "resolved": "10.0.102",
        "contentHash": "0i81LYX31U6UiXz4NOLbvc++u+/mVDmOt+PskrM/MygpDxkv9THKQyRUmavBpLK6iBV0abNWnn+CQgSRz//Pwg=="
      },
      "Microsoft.SourceLink.Common": {
        "type": "Transitive",
        "resolved": "10.0.102",
        "contentHash": "Mk1IMb9q5tahC2NltxYXFkLBtuBvfBoCQ3pIxYQWfzbCE9o1OB9SsHe0hnNGo7lWgTA/ePbFAJLWu6nLL9K17A=="
      },
      "System.Collections.Immutable": {
        "type": "Transitive",
        "resolved": "9.0.3",
        "contentHash": "CfYi30Pbpw9aGpXVLcoGt+yM0egrE8M1DUOOwdAWOAQ2QZkXkSgjonqZYvtKdxUF1XJaLCp0OdTXueeAeUHSlQ=="
      },
      "System.Reflection.Metadata": {
        "type": "Transitive",
        "resolved": "9.0.3",
        "contentHash": "7oYePO1JGlCPxOzawf8nkn80eYYboQaB4FvBWDPEvOzVHZVf96tdgbgq8LHSBrkeQoLRivx7+YhTCtirdQ386g==",
        "dependencies": {
          "System.Collections.Immutable": "9.0.3"
        }
      }
    }
  }
}