{
  "version": 1,
  "dependencies": {
    ".NETFramework,Version=v4.8.1": {
      "Avalonia.Desktop": {
        "type": "Direct",
        "requested": "[11.*, )",
        "resolved": "11.3.3",
        "contentHash": "+EcYtta+d9GJRHKzVx45UcyGe6Kehe3KgF4sQ54d91ia/+rBn2lkv9DSG794Nqj0ObnAMPa58DHaAAyvdRa6NA==",
        "dependencies": {
          "Avalonia": "11.3.3",
          "Avalonia.Native": "11.3.3",
          "Avalonia.Skia": "11.3.3",
          "Avalonia.Win32": "11.3.3",
          "Avalonia.X11": "11.3.3"
        }
      },
      "Avalonia.Fonts.Inter": {
        "type": "Direct",
        "requested": "[11.*, )",
        "resolved": "11.3.3",
        "contentHash": "udJdBi7b6beLOwKvrvmUfKoUqgDak9QugYTrEmZB/LerBY1Z+ewV2pA4K6IC8urfbf3V7d8P6xDOZYiw9Hfmdw==",
        "dependencies": {
          "Avalonia": "11.3.3"
        }
      },
      "Avalonia.Themes.Fluent": {
        "type": "Direct",
        "requested": "[11.*, )",
        "resolved": "11.3.3",
        "contentHash": "v+l4lXmkwSjynVinwycIFRTLpiSxnlalQNB0hCTJcxVd2kngKdhsXNpI0Ciz1aeSGhThYDTIqyajIY7EC7W7jQ==",
        "dependencies": {
          "Avalonia": "11.3.3"
        }
      },
      "Avalonia.Themes.Simple": {
        "type": "Direct",
        "requested": "[11.*, )",
        "resolved": "11.3.3",
        "contentHash": "3wisBvQnFZOe/qZurGylly1phP3Lk5GcxiknhU0wfaRCWPLo65iuV6+hSJ0fpCN9bDAn2a5qrc3a/2Qh6sp6ZA==",
        "dependencies": {
          "Avalonia": "11.3.3"
        }
      },
      "DotNet.ReproducibleBuilds": {
        "type": "Direct",
        "requested": "[1.*, )",
        "resolved": "1.2.25",
        "contentHash": "xCXiw7BCxHJ8pF6wPepRUddlh2dlQlbr81gXA72hdk4FLHkKXas7EH/n+fk5UCA/YfMqG1Z6XaPiUjDbUNBUzg=="
      },
      "HotAvalonia": {
        "type": "Direct",
        "requested": "[3.*, )",
        "resolved": "3.0.0",
        "contentHash": "p6rp7jpkfbQyCW+I3YAAP/ABmwsw+5yD0GG5BGWZFRFpjy6pBwTRJIfbWLjbUp3sC0BJs2poJMT5aQzTMS79yQ==",
        "dependencies": {
          "Avalonia.Markup.Xaml.Loader": "11.0.0",
          "HotAvalonia.Core": "3.0.0",
          "HotAvalonia.Extensions": "3.0.0",
          "HotAvalonia.Fody": "3.0.0"
        }
      },
      "Meziantou.Polyfill": {
        "type": "Direct",
        "requested": "[1.*, )",
        "resolved": "1.0.49",
        "contentHash": "LVbNRdqWw8DBx80J/enVLLpTcZMmJZ1qV/nwdDWQJonEKRu9hv+1plL8fYND32bmh+PpBACFfAwy1SZzKqI5lQ=="
      },
      "Avalonia": {
        "type": "Transitive",
        "resolved": "11.3.3",
        "contentHash": "JEYVWn6wMtgfcF4EdwlENvmp9V2axpR3uJ/t4c9h4Xz0M/hvLQx5djp36peq8IA2LICjHrP7QMtVozmlC0aDWg==",
        "dependencies": {
          "Avalonia.BuildServices": "0.0.31",
          "Avalonia.Remote.Protocol": "11.3.3",
          "MicroCom.Runtime": "0.11.0",
          "Microsoft.Bcl.AsyncInterfaces": "6.0.0",
          "System.ComponentModel.Annotations": "4.5.0",
          "System.Diagnostics.DiagnosticSource": "8.0.1",
          "System.Memory": "4.5.5"
        }
      },
      "Avalonia.Angle.Windows.Natives": {
        "type": "Transitive",
        "resolved": "2.1.25547.20250602",
        "contentHash": "ZL0VLc4s9rvNNFt19Pxm5UNAkmKNylugAwJPX9ulXZ6JWs/l6XZihPWWTyezaoNOVyEPU8YbURtW7XMAtqXH5A=="
      },
      "Avalonia.BuildServices": {
        "type": "Transitive",
        "resolved": "0.0.31",
        "contentHash": "KmCN6Hc+45q4OnF10ge450yVUvWuxU6bdQiyKqiSvrHKpahNrEdk0kG6Ip6GHk2SKOCttGQuA206JVdkldEENg=="
      },
      "Avalonia.Controls.ColorPicker": {
        "type": "Transitive",
        "resolved": "11.3.3",
        "contentHash": "Pp7llcn2y/a0TLAk/Csni4atV6+GP9gf9KFwsEBk6zpAlW4GWHd61I2tXJNlQ1nPBZ1btX6KB7gx2Xf/Cjt/Yw==",
        "dependencies": {
          "Avalonia": "11.3.3",
          "Avalonia.Remote.Protocol": "11.3.3"
        }
      },
      "Avalonia.Diagnostics": {
        "type": "Transitive",
        "resolved": "11.3.3",
        "contentHash": "rE0xTWE1hOh6Ek6NQSFmGGD6Dcr/VgLkZIERtbdEjkaRq6iG2gIzM9Dz80BTfT2XckcJ+ZOreXzBzXI/0eCodw==",
        "dependencies": {
          "Avalonia": "11.3.3",
          "Avalonia.Controls.ColorPicker": "11.3.3",
          "Avalonia.Themes.Simple": "11.3.3"
        }
      },
      "Avalonia.FreeDesktop": {
        "type": "Transitive",
        "resolved": "11.3.3",
        "contentHash": "v9qj1EqXanhgOocun7Ii5KiX2z1zdIm2zctad+2ViAF4GWBQeeSwNRQiBdhiyeSWVFBBCZRWx2uK0IUPeZiYyA==",
        "dependencies": {
          "Avalonia": "11.3.3",
          "Tmds.DBus.Protocol": "0.21.2"
        }
      },
      "Avalonia.Markup.Xaml.Loader": {
        "type": "Transitive",
        "resolved": "11.0.0",
        "contentHash": "SDcf5qvleyTb0R24vzZBhFJV9ONlGz0ftOBRxXiSy7R6c513Rjnae0IImuUXSIj+Bmn8AjU6x9eDFRJO78pYVA==",
        "dependencies": {
          "Avalonia": "11.0.0",
          "System.Reflection.Emit": "4.3.0"
        }
      },
      "Avalonia.Native": {
        "type": "Transitive",
        "resolved": "11.3.3",
        "contentHash": "hMorDU3okC5dbmSyByj48nfIYRLW2mC0sWyFE9NI7I/0hG72IeHmhBETHB9SynjS+JQSDJ2pk3f22g6qsaTaIg==",
        "dependencies": {
          "Avalonia": "11.3.3"
        }
      },
      "Avalonia.Remote.Protocol": {
        "type": "Transitive",
        "resolved": "11.3.3",
        "contentHash": "ehPZeXSI/07n9o+j+7+Pj9TK3EOoMGmB671jo+6H+a4gko8/IMhlzwo+wCMmAeZyiq+Qmpq2PagT9c2hZbwnDA=="
      },
      "Avalonia.Skia": {
        "type": "Transitive",
        "resolved": "11.3.3",
        "contentHash": "MaN/GxtWQ1UVw+K+YR1Gcmaz4JugR1Fh8R9mmvmVmLIw70wCClXqPQBPvDOgoh6wY2n0pxIQhftE8jM8K/I24Q==",
        "dependencies": {
          "Avalonia": "11.3.3",
          "HarfBuzzSharp": "8.3.1.1",
          "HarfBuzzSharp.NativeAssets.Linux": "8.3.1.1",
          "HarfBuzzSharp.NativeAssets.WebAssembly": "8.3.1.1",
          "SkiaSharp": "2.88.9",
          "SkiaSharp.NativeAssets.Linux": "2.88.9",
          "SkiaSharp.NativeAssets.WebAssembly": "2.88.9"
        }
      },
      "Avalonia.Win32": {
        "type": "Transitive",
        "resolved": "11.3.3",
        "contentHash": "to3cdaeUxkVGOXBW1e4+COCygYKF9rGhU7cWwCiw9qNpNwBl9BO/jZglHRCTLPG8M/R+8NJXEaZC9kFbLu2b0w==",
        "dependencies": {
          "Avalonia": "11.3.3",
          "Avalonia.Angle.Windows.Natives": "2.1.25547.20250602",
          "System.Numerics.Vectors": "4.5.0",
          "System.Runtime.CompilerServices.Unsafe": "6.0.0"
        }
      },
      "Avalonia.X11": {
        "type": "Transitive",
        "resolved": "11.3.3",
        "contentHash": "BBbQ0dFvV/Ad7lF2FnO+41SQB4RaCLRKzj833KIcu/UdnfeVZfnYgGerbA9i004hPCPQ2fHfscm2ZV8AGBCtMw==",
        "dependencies": {
          "Avalonia": "11.3.3",
          "Avalonia.FreeDesktop": "11.3.3",
          "Avalonia.Skia": "11.3.3"
        }
      },
      "Fody": {
        "type": "Transitive",
        "resolved": "6.9.2",
        "contentHash": "YBHobPGogb0vYhGYIxn/ndWqTjNWZveDi5jdjrcshL2vjwU3gQGyDeI7vGgye+2rAM5fGRvlLgNWLW3DpviS/w=="
      },
      "HarfBuzzSharp": {
        "type": "Transitive",
        "resolved": "8.3.1.1",
        "contentHash": "tLZN66oe/uiRPTZfrCU4i8ScVGwqHNh5MHrXj0yVf4l7Mz0FhTGnQ71RGySROTmdognAs0JtluHkL41pIabWuQ==",
        "dependencies": {
          "HarfBuzzSharp.NativeAssets.Win32": "8.3.1.1",
          "HarfBuzzSharp.NativeAssets.macOS": "8.3.1.1",
          "System.Memory": "4.5.5"
        }
      },
      "HarfBuzzSharp.NativeAssets.Linux": {
        "type": "Transitive",
        "resolved": "8.3.1.1",
        "contentHash": "3EZ1mpIiKWRLL5hUYA82ZHteeDIVaEA/Z0rA/wU6tjx6crcAkJnBPwDXZugBSfo8+J3EznvRJf49uMsqYfKrHg=="
      },
      "HarfBuzzSharp.NativeAssets.macOS": {
        "type": "Transitive",
        "resolved": "8.3.1.1",
        "contentHash": "jbtCsgftcaFLCA13tVKo5iWdElJScrulLTKJre36O4YQTIlwDtPPqhRZNk+Y0vv4D1gxbscasGRucUDfS44ofQ=="
      },
      "HarfBuzzSharp.NativeAssets.WebAssembly": {
        "type": "Transitive",
        "resolved": "8.3.1.1",
        "contentHash": "loJweK2u/mH/3C2zBa0ggJlITIszOkK64HLAZB7FUT670dTg965whLFYHDQo69NmC4+d9UN0icLC9VHidXaVCA=="
      },
      "HarfBuzzSharp.NativeAssets.Win32": {
        "type": "Transitive",
        "resolved": "8.3.1.1",
        "contentHash": "UsJtQsfAJoFDZrXc4hCUfRPMqccfKZ0iumJ/upcUjz/cmsTgVFGNEL5yaJWmkqsuFYdMWbj/En5/kS4PFl9hBA=="
      },
      "HotAvalonia.Core": {
        "type": "Transitive",
        "resolved": "3.0.0",
        "contentHash": "6mYHcr79mhOBuKJHOJA+oub8/rNR3TtiTFbVdPadmrKJv3+KZPHuZzFkSDn3KRubB0z3cw/JljKOj08K7LicRQ==",
        "dependencies": {
          "System.Reflection.Emit.Lightweight": "4.7.0",
          "System.Reflection.Metadata": "9.0.3"
        }
      },
      "HotAvalonia.Extensions": {
        "type": "Transitive",
        "resolved": "3.0.0",
        "contentHash": "19rlMjkerMeOZwt2EHdWGS+36GlpurLC38c2iP55a9cbZ1NV3OY27V0Tq68ZpqVeFMYTlXFFdu1ydbREPPcqeQ=="
      },
      "HotAvalonia.Fody": {
        "type": "Transitive",
        "resolved": "3.0.0",
        "contentHash": "5FGM1na5gEnzUV67MmvTBjZXUjPjavkbncZeyZ/q9GxGjiwvMej0+H5VwIDCcMQWGVucBgHN5u8gz+a0IPQq7Q==",
        "dependencies": {
          "Fody": "6.9.2"
        }
      },
      "MicroCom.Runtime": {
        "type": "Transitive",
        "resolved": "0.11.0",
        "contentHash": "MEnrZ3UIiH40hjzMDsxrTyi8dtqB5ziv3iBeeU4bXsL/7NLSal9F1lZKpK+tfBRnUoDSdtcW3KufE4yhATOMCA=="
      },
      "Microsoft.Bcl.AsyncInterfaces": {
        "type": "Transitive",
        "resolved": "8.0.0",
        "contentHash": "3WA9q9yVqJp222P3x1wYIGDAkpjAku0TMUaaQV22g6L67AI0LdOIrVS7Ht2vJfLHGSPVuqN94vIr15qn+HEkHw==",
        "dependencies": {
          "System.Threading.Tasks.Extensions": "4.5.4"
        }
      },
      "SkiaSharp": {
        "type": "Transitive",
        "resolved": "2.88.9",
        "contentHash": "3MD5VHjXXieSHCleRLuaTXmL2pD0mB7CcOB1x2kA1I4bhptf4e3R27iM93264ZYuAq6mkUyX5XbcxnZvMJYc1Q==",
        "dependencies": {
          "SkiaSharp.NativeAssets.Win32": "2.88.9",
          "SkiaSharp.NativeAssets.macOS": "2.88.9",
          "System.Memory": "4.5.5"
        }
      },
      "SkiaSharp.NativeAssets.Linux": {
        "type": "Transitive",
        "resolved": "2.88.9",
        "contentHash": "cWSaJKVPWAaT/WIn9c8T5uT/l4ETwHxNJTkEOtNKjphNo8AW6TF9O32aRkxqw3l8GUdUo66Bu7EiqtFh/XG0Zg==",
        "dependencies": {
          "SkiaSharp": "2.88.9"
        }
      },
      "SkiaSharp.NativeAssets.macOS": {
        "type": "Transitive",
        "resolved": "2.88.9",
        "contentHash": "Nv5spmKc4505Ep7oUoJ5vp3KweFpeNqxpyGDWyeEPTX2uR6S6syXIm3gj75dM0YJz7NPvcix48mR5laqs8dPuA=="
      },
      "SkiaSharp.NativeAssets.WebAssembly": {
        "type": "Transitive",
        "resolved": "2.88.9",
        "contentHash": "kt06RccBHSnAs2wDYdBSfsjIDbY3EpsOVqnlDgKdgvyuRA8ZFDaHRdWNx1VHjGgYzmnFCGiTJBnXFl5BqGwGnA=="
      },
      "SkiaSharp.NativeAssets.Win32": {
        "type": "Transitive",
        "resolved": "2.88.9",
        "contentHash": "wb2kYgU7iy84nQLYZwMeJXixvK++GoIuECjU4ECaUKNuflyRlJKyiRhN1MAHswvlvzuvkrjRWlK0Za6+kYQK7w=="
      },
      "System.Buffers": {
        "type": "Transitive",
        "resolved": "4.5.1",
        "contentHash": "Rw7ijyl1qqRS0YQD/WycNst8hUUMgrMH4FCn1nNm27M4VxchZ1js3fVjQaANHO5f3sN4isvP4a+Met9Y4YomAg=="
      },
      "System.Collections.Immutable": {
        "type": "Transitive",
        "resolved": "9.0.3",
        "contentHash": "CfYi30Pbpw9aGpXVLcoGt+yM0egrE8M1DUOOwdAWOAQ2QZkXkSgjonqZYvtKdxUF1XJaLCp0OdTXueeAeUHSlQ==",
        "dependencies": {
          "System.Memory": "4.5.5",
          "System.Runtime.CompilerServices.Unsafe": "6.0.0"
        }
      },
      "System.ComponentModel.Annotations": {
        "type": "Transitive",
        "resolved": "4.5.0",
        "contentHash": "UxYQ3FGUOtzJ7LfSdnYSFd7+oEv6M8NgUatatIN2HxNtDdlcvFAf+VIq4Of9cDMJEJC0aSRv/x898RYhB4Yppg=="
      },
      "System.Diagnostics.DiagnosticSource": {
        "type": "Transitive",
        "resolved": "8.0.1",
        "contentHash": "vaoWjvkG1aenR2XdjaVivlCV9fADfgyhW5bZtXT23qaEea0lWiUljdQuze4E31vKM7ZWJaSUsbYIKE3rnzfZUg==",
        "dependencies": {
          "System.Memory": "4.5.5",
          "System.Runtime.CompilerServices.Unsafe": "6.0.0"
        }
      },
      "System.IO.Pipelines": {
        "type": "Transitive",
        "resolved": "8.0.0",
        "contentHash": "FHNOatmUq0sqJOkTx+UF/9YK1f180cnW5FVqnQMvYUN0elp6wFzbtPSiqbo1/ru8ICp43JM1i7kKkk6GsNGHlA==",
        "dependencies": {
          "System.Buffers": "4.5.1",
          "System.Memory": "4.5.5",
          "System.Threading.Tasks.Extensions": "4.5.4"
        }
      },
      "System.Memory": {
        "type": "Transitive",
        "resolved": "4.5.5",
        "contentHash": "XIWiDvKPXaTveaB7HVganDlOCRoj03l+jrwNvcge/t8vhGYKvqV+dMv6G4SAX2NoNmN0wZfVPTAlFwZcZvVOUw==",
        "dependencies": {
          "System.Buffers": "4.5.1",
          "System.Numerics.Vectors": "4.5.0",
          "System.Runtime.CompilerServices.Unsafe": "4.5.3"
        }
      },
      "System.Numerics.Vectors": {
        "type": "Transitive",
        "resolved": "4.5.0",
        "contentHash": "QQTlPTl06J/iiDbJCiepZ4H//BVraReU4O4EoRw1U02H5TLUIT7xn3GnDp9AXPSlJUDyFs4uWjWafNX6WrAojQ=="
      },
      "System.Reflection.Emit": {
        "type": "Transitive",
        "resolved": "4.3.0",
        "contentHash": "228FG0jLcIwTVJyz8CLFKueVqQK36ANazUManGaJHkO0icjiIypKW7YLWLIWahyIkdh5M7mV2dJepllLyA1SKg=="
      },
      "System.Reflection.Emit.Lightweight": {
        "type": "Transitive",
        "resolved": "4.7.0",
        "contentHash": "a4OLB4IITxAXJeV74MDx49Oq2+PsF6Sml54XAFv+2RyWwtDBcabzoxiiJRhdhx+gaohLh4hEGCLQyBozXoQPqA=="
      },
      "System.Reflection.Metadata": {
        "type": "Transitive",
        "resolved": "9.0.3",
        "contentHash": "7oYePO1JGlCPxOzawf8nkn80eYYboQaB4FvBWDPEvOzVHZVf96tdgbgq8LHSBrkeQoLRivx7+YhTCtirdQ386g==",
        "dependencies": {
          "System.Collections.Immutable": "9.0.3",
          "System.Memory": "4.5.5"
        }
      },
      "System.Runtime.CompilerServices.Unsafe": {
        "type": "Transitive",
        "resolved": "6.0.0",
        "contentHash": "/iUeP3tq1S0XdNNoMz5C9twLSrM/TH+qElHkXWaPvuNOt+99G75NrV0OS2EqHx5wMN7popYjpc8oTjC1y16DLg=="
      },
      "System.Threading.Channels": {
        "type": "Transitive",
        "resolved": "8.0.0",
        "contentHash": "CMaFr7v+57RW7uZfZkPExsPB6ljwzhjACWW1gfU35Y56rk72B/Wu+sTqxVmGSk4SFUlPc3cjeKND0zktziyjBA==",
        "dependencies": {
          "System.Threading.Tasks.Extensions": "4.5.4"
        }
      },
      "System.Threading.Tasks.Extensions": {
        "type": "Transitive",
        "resolved": "4.5.4",
        "contentHash": "zteT+G8xuGu6mS+mzDzYXbzS7rd3K6Fjb9RiZlYlJPam2/hU7JCBZBVEcywNuR+oZ1ncTvc/cq0faRr3P01OVg==",
        "dependencies": {
          "System.Runtime.CompilerServices.Unsafe": "4.5.3"
        }
      },
      "Tmds.DBus.Protocol": {
        "type": "Transitive",
        "resolved": "0.21.2",
        "contentHash": "ScSMrUrrw8px4kK1Glh0fZv/HQUlg1078bNXNPfRPKQ3WbRzV9HpsydYEOgSoMK5LWICMf2bMwIFH0pGjxjcMA==",
        "dependencies": {
          "Microsoft.Bcl.AsyncInterfaces": "8.0.0",
          "System.IO.Pipelines": "8.0.0",
          "System.Threading.Channels": "8.0.0"
        }
      },
      "BinToss.GroupBox.Avalonia": {
        "type": "Project",
        "dependencies": {
          "Avalonia": "[11.*, )",
          "Avalonia.Diagnostics": "[11.*, )"
        }
      }
    },
    ".NETFramework,Version=v4.8.1/linux-arm64": {
      "Avalonia.Angle.Windows.Natives": {
        "type": "Transitive",
        "resolved": "2.1.25547.20250602",
        "contentHash": "ZL0VLc4s9rvNNFt19Pxm5UNAkmKNylugAwJPX9ulXZ6JWs/l6XZihPWWTyezaoNOVyEPU8YbURtW7XMAtqXH5A=="
      },
      "Avalonia.Native": {
        "type": "Transitive",
        "resolved": "11.3.3",
        "contentHash": "hMorDU3okC5dbmSyByj48nfIYRLW2mC0sWyFE9NI7I/0hG72IeHmhBETHB9SynjS+JQSDJ2pk3f22g6qsaTaIg==",
        "dependencies": {
          "Avalonia": "11.3.3"
        }
      },
      "HarfBuzzSharp.NativeAssets.Linux": {
        "type": "Transitive",
        "resolved": "8.3.1.1",
        "contentHash": "3EZ1mpIiKWRLL5hUYA82ZHteeDIVaEA/Z0rA/wU6tjx6crcAkJnBPwDXZugBSfo8+J3EznvRJf49uMsqYfKrHg=="
      },
      "HarfBuzzSharp.NativeAssets.macOS": {
        "type": "Transitive",
        "resolved": "8.3.1.1",
        "contentHash": "jbtCsgftcaFLCA13tVKo5iWdElJScrulLTKJre36O4YQTIlwDtPPqhRZNk+Y0vv4D1gxbscasGRucUDfS44ofQ=="
      },
      "HarfBuzzSharp.NativeAssets.Win32": {
        "type": "Transitive",
        "resolved": "8.3.1.1",
        "contentHash": "UsJtQsfAJoFDZrXc4hCUfRPMqccfKZ0iumJ/upcUjz/cmsTgVFGNEL5yaJWmkqsuFYdMWbj/En5/kS4PFl9hBA=="
      },
      "SkiaSharp.NativeAssets.Linux": {
        "type": "Transitive",
        "resolved": "2.88.9",
        "contentHash": "cWSaJKVPWAaT/WIn9c8T5uT/l4ETwHxNJTkEOtNKjphNo8AW6TF9O32aRkxqw3l8GUdUo66Bu7EiqtFh/XG0Zg==",
        "dependencies": {
          "SkiaSharp": "2.88.9"
        }
      },
      "SkiaSharp.NativeAssets.macOS": {
        "type": "Transitive",
        "resolved": "2.88.9",
        "contentHash": "Nv5spmKc4505Ep7oUoJ5vp3KweFpeNqxpyGDWyeEPTX2uR6S6syXIm3gj75dM0YJz7NPvcix48mR5laqs8dPuA=="
      },
      "SkiaSharp.NativeAssets.Win32": {
        "type": "Transitive",
        "resolved": "2.88.9",
        "contentHash": "wb2kYgU7iy84nQLYZwMeJXixvK++GoIuECjU4ECaUKNuflyRlJKyiRhN1MAHswvlvzuvkrjRWlK0Za6+kYQK7w=="
      }
    },
    ".NETFramework,Version=v4.8.1/linux-x64": {
      "Avalonia.Angle.Windows.Natives": {
        "type": "Transitive",
        "resolved": "2.1.25547.20250602",
        "contentHash": "ZL0VLc4s9rvNNFt19Pxm5UNAkmKNylugAwJPX9ulXZ6JWs/l6XZihPWWTyezaoNOVyEPU8YbURtW7XMAtqXH5A=="
      },
      "Avalonia.Native": {
        "type": "Transitive",
        "resolved": "11.3.3",
        "contentHash": "hMorDU3okC5dbmSyByj48nfIYRLW2mC0sWyFE9NI7I/0hG72IeHmhBETHB9SynjS+JQSDJ2pk3f22g6qsaTaIg==",
        "dependencies": {
          "Avalonia": "11.3.3"
        }
      },
      "HarfBuzzSharp.NativeAssets.Linux": {
        "type": "Transitive",
        "resolved": "8.3.1.1",
        "contentHash": "3EZ1mpIiKWRLL5hUYA82ZHteeDIVaEA/Z0rA/wU6tjx6crcAkJnBPwDXZugBSfo8+J3EznvRJf49uMsqYfKrHg=="
      },
      "HarfBuzzSharp.NativeAssets.macOS": {
        "type": "Transitive",
        "resolved": "8.3.1.1",
        "contentHash": "jbtCsgftcaFLCA13tVKo5iWdElJScrulLTKJre36O4YQTIlwDtPPqhRZNk+Y0vv4D1gxbscasGRucUDfS44ofQ=="
      },
      "HarfBuzzSharp.NativeAssets.Win32": {
        "type": "Transitive",
        "resolved": "8.3.1.1",
        "contentHash": "UsJtQsfAJoFDZrXc4hCUfRPMqccfKZ0iumJ/upcUjz/cmsTgVFGNEL5yaJWmkqsuFYdMWbj/En5/kS4PFl9hBA=="
      },
      "SkiaSharp.NativeAssets.Linux": {
        "type": "Transitive",
        "resolved": "2.88.9",
        "contentHash": "cWSaJKVPWAaT/WIn9c8T5uT/l4ETwHxNJTkEOtNKjphNo8AW6TF9O32aRkxqw3l8GUdUo66Bu7EiqtFh/XG0Zg==",
        "dependencies": {
          "SkiaSharp": "2.88.9"
        }
      },
      "SkiaSharp.NativeAssets.macOS": {
        "type": "Transitive",
        "resolved": "2.88.9",
        "contentHash": "Nv5spmKc4505Ep7oUoJ5vp3KweFpeNqxpyGDWyeEPTX2uR6S6syXIm3gj75dM0YJz7NPvcix48mR5laqs8dPuA=="
      },
      "SkiaSharp.NativeAssets.Win32": {
        "type": "Transitive",
        "resolved": "2.88.9",
        "contentHash": "wb2kYgU7iy84nQLYZwMeJXixvK++GoIuECjU4ECaUKNuflyRlJKyiRhN1MAHswvlvzuvkrjRWlK0Za6+kYQK7w=="
      }
    },
    ".NETFramework,Version=v4.8.1/win-x64": {
      "Avalonia.Angle.Windows.Natives": {
        "type": "Transitive",
        "resolved": "2.1.25547.20250602",
        "contentHash": "ZL0VLc4s9rvNNFt19Pxm5UNAkmKNylugAwJPX9ulXZ6JWs/l6XZihPWWTyezaoNOVyEPU8YbURtW7XMAtqXH5A=="
      },
      "Avalonia.Native": {
        "type": "Transitive",
        "resolved": "11.3.3",
        "contentHash": "hMorDU3okC5dbmSyByj48nfIYRLW2mC0sWyFE9NI7I/0hG72IeHmhBETHB9SynjS+JQSDJ2pk3f22g6qsaTaIg==",
        "dependencies": {
          "Avalonia": "11.3.3"
        }
      },
      "HarfBuzzSharp.NativeAssets.Linux": {
        "type": "Transitive",
        "resolved": "8.3.1.1",
        "contentHash": "3EZ1mpIiKWRLL5hUYA82ZHteeDIVaEA/Z0rA/wU6tjx6crcAkJnBPwDXZugBSfo8+J3EznvRJf49uMsqYfKrHg=="
      },
      "HarfBuzzSharp.NativeAssets.macOS": {
        "type": "Transitive",
        "resolved": "8.3.1.1",
        "contentHash": "jbtCsgftcaFLCA13tVKo5iWdElJScrulLTKJre36O4YQTIlwDtPPqhRZNk+Y0vv4D1gxbscasGRucUDfS44ofQ=="
      },
      "HarfBuzzSharp.NativeAssets.Win32": {
        "type": "Transitive",
        "resolved": "8.3.1.1",
        "contentHash": "UsJtQsfAJoFDZrXc4hCUfRPMqccfKZ0iumJ/upcUjz/cmsTgVFGNEL5yaJWmkqsuFYdMWbj/En5/kS4PFl9hBA=="
      },
      "SkiaSharp.NativeAssets.Linux": {
        "type": "Transitive",
        "resolved": "2.88.9",
        "contentHash": "cWSaJKVPWAaT/WIn9c8T5uT/l4ETwHxNJTkEOtNKjphNo8AW6TF9O32aRkxqw3l8GUdUo66Bu7EiqtFh/XG0Zg==",
        "dependencies": {
          "SkiaSharp": "2.88.9"
        }
      },
      "SkiaSharp.NativeAssets.macOS": {
        "type": "Transitive",
        "resolved": "2.88.9",
        "contentHash": "Nv5spmKc4505Ep7oUoJ5vp3KweFpeNqxpyGDWyeEPTX2uR6S6syXIm3gj75dM0YJz7NPvcix48mR5laqs8dPuA=="
      },
      "SkiaSharp.NativeAssets.Win32": {
        "type": "Transitive",
        "resolved": "2.88.9",
        "contentHash": "wb2kYgU7iy84nQLYZwMeJXixvK++GoIuECjU4ECaUKNuflyRlJKyiRhN1MAHswvlvzuvkrjRWlK0Za6+kYQK7w=="
      }
    },
    ".NETFramework,Version=v4.8.1/win-x86": {
      "Avalonia.Angle.Windows.Natives": {
        "type": "Transitive",
        "resolved": "2.1.25547.20250602",
        "contentHash": "ZL0VLc4s9rvNNFt19Pxm5UNAkmKNylugAwJPX9ulXZ6JWs/l6XZihPWWTyezaoNOVyEPU8YbURtW7XMAtqXH5A=="
      },
      "Avalonia.Native": {
        "type": "Transitive",
        "resolved": "11.3.3",
        "contentHash": "hMorDU3okC5dbmSyByj48nfIYRLW2mC0sWyFE9NI7I/0hG72IeHmhBETHB9SynjS+JQSDJ2pk3f22g6qsaTaIg==",
        "dependencies": {
          "Avalonia": "11.3.3"
        }
      },
      "HarfBuzzSharp.NativeAssets.Linux": {
        "type": "Transitive",
        "resolved": "8.3.1.1",
        "contentHash": "3EZ1mpIiKWRLL5hUYA82ZHteeDIVaEA/Z0rA/wU6tjx6crcAkJnBPwDXZugBSfo8+J3EznvRJf49uMsqYfKrHg=="
      },
      "HarfBuzzSharp.NativeAssets.macOS": {
        "type": "Transitive",
        "resolved": "8.3.1.1",
        "contentHash": "jbtCsgftcaFLCA13tVKo5iWdElJScrulLTKJre36O4YQTIlwDtPPqhRZNk+Y0vv4D1gxbscasGRucUDfS44ofQ=="
      },
      "HarfBuzzSharp.NativeAssets.Win32": {
        "type": "Transitive",
        "resolved": "8.3.1.1",
        "contentHash": "UsJtQsfAJoFDZrXc4hCUfRPMqccfKZ0iumJ/upcUjz/cmsTgVFGNEL5yaJWmkqsuFYdMWbj/En5/kS4PFl9hBA=="
      },
      "SkiaSharp.NativeAssets.Linux": {
        "type": "Transitive",
        "resolved": "2.88.9",
        "contentHash": "cWSaJKVPWAaT/WIn9c8T5uT/l4ETwHxNJTkEOtNKjphNo8AW6TF9O32aRkxqw3l8GUdUo66Bu7EiqtFh/XG0Zg==",
        "dependencies": {
          "SkiaSharp": "2.88.9"
        }
      },
      "SkiaSharp.NativeAssets.macOS": {
        "type": "Transitive",
        "resolved": "2.88.9",
        "contentHash": "Nv5spmKc4505Ep7oUoJ5vp3KweFpeNqxpyGDWyeEPTX2uR6S6syXIm3gj75dM0YJz7NPvcix48mR5laqs8dPuA=="
      },
      "SkiaSharp.NativeAssets.Win32": {
        "type": "Transitive",
        "resolved": "2.88.9",
        "contentHash": "wb2kYgU7iy84nQLYZwMeJXixvK++GoIuECjU4ECaUKNuflyRlJKyiRhN1MAHswvlvzuvkrjRWlK0Za6+kYQK7w=="
      }
    },
    "net8.0": {
      "Avalonia.Desktop": {
        "type": "Direct",
        "requested": "[11.*, )",
        "resolved": "11.3.3",
        "contentHash": "+EcYtta+d9GJRHKzVx45UcyGe6Kehe3KgF4sQ54d91ia/+rBn2lkv9DSG794Nqj0ObnAMPa58DHaAAyvdRa6NA==",
        "dependencies": {
          "Avalonia": "11.3.3",
          "Avalonia.Native": "11.3.3",
          "Avalonia.Skia": "11.3.3",
          "Avalonia.Win32": "11.3.3",
          "Avalonia.X11": "11.3.3"
        }
      },
      "Avalonia.Fonts.Inter": {
        "type": "Direct",
        "requested": "[11.*, )",
        "resolved": "11.3.3",
        "contentHash": "udJdBi7b6beLOwKvrvmUfKoUqgDak9QugYTrEmZB/LerBY1Z+ewV2pA4K6IC8urfbf3V7d8P6xDOZYiw9Hfmdw==",
        "dependencies": {
          "Avalonia": "11.3.3"
        }
      },
      "Avalonia.Themes.Fluent": {
        "type": "Direct",
        "requested": "[11.*, )",
        "resolved": "11.3.3",
        "contentHash": "v+l4lXmkwSjynVinwycIFRTLpiSxnlalQNB0hCTJcxVd2kngKdhsXNpI0Ciz1aeSGhThYDTIqyajIY7EC7W7jQ==",
        "dependencies": {
          "Avalonia": "11.3.3"
        }
      },
      "Avalonia.Themes.Simple": {
        "type": "Direct",
        "requested": "[11.*, )",
        "resolved": "11.3.3",
        "contentHash": "3wisBvQnFZOe/qZurGylly1phP3Lk5GcxiknhU0wfaRCWPLo65iuV6+hSJ0fpCN9bDAn2a5qrc3a/2Qh6sp6ZA==",
        "dependencies": {
          "Avalonia": "11.3.3"
        }
      },
      "DotNet.ReproducibleBuilds": {
        "type": "Direct",
        "requested": "[1.*, )",
        "resolved": "1.2.25",
        "contentHash": "xCXiw7BCxHJ8pF6wPepRUddlh2dlQlbr81gXA72hdk4FLHkKXas7EH/n+fk5UCA/YfMqG1Z6XaPiUjDbUNBUzg=="
      },
      "HotAvalonia": {
        "type": "Direct",
        "requested": "[3.*, )",
        "resolved": "3.0.0",
        "contentHash": "p6rp7jpkfbQyCW+I3YAAP/ABmwsw+5yD0GG5BGWZFRFpjy6pBwTRJIfbWLjbUp3sC0BJs2poJMT5aQzTMS79yQ==",
        "dependencies": {
          "Avalonia.Markup.Xaml.Loader": "11.0.0",
          "HotAvalonia.Core": "3.0.0",
          "HotAvalonia.Extensions": "3.0.0",
          "HotAvalonia.Fody": "3.0.0"
        }
      },
      "Meziantou.Polyfill": {
        "type": "Direct",
        "requested": "[1.*, )",
        "resolved": "1.0.49",
        "contentHash": "LVbNRdqWw8DBx80J/enVLLpTcZMmJZ1qV/nwdDWQJonEKRu9hv+1plL8fYND32bmh+PpBACFfAwy1SZzKqI5lQ=="
      },
      "Microsoft.NET.ILLink.Tasks": {
        "type": "Direct",
        "requested": "[8.0.17, )",
        "resolved": "8.0.17",
        "contentHash": "x5/y4l8AtshpBOrCZdlE4txw8K3e3s9meBFeZeR3l8hbbku2V7kK6ojhXvrbjg1rk3G+JqL1BI26gtgc1ZrdUw=="
      },
      "Avalonia": {
        "type": "Transitive",
        "resolved": "11.3.3",
        "contentHash": "JEYVWn6wMtgfcF4EdwlENvmp9V2axpR3uJ/t4c9h4Xz0M/hvLQx5djp36peq8IA2LICjHrP7QMtVozmlC0aDWg==",
        "dependencies": {
          "Avalonia.BuildServices": "0.0.31",
          "Avalonia.Remote.Protocol": "11.3.3",
          "MicroCom.Runtime": "0.11.0"
        }
      },
      "Avalonia.Angle.Windows.Natives": {
        "type": "Transitive",
        "resolved": "2.1.25547.20250602",
        "contentHash": "ZL0VLc4s9rvNNFt19Pxm5UNAkmKNylugAwJPX9ulXZ6JWs/l6XZihPWWTyezaoNOVyEPU8YbURtW7XMAtqXH5A=="
      },
      "Avalonia.BuildServices": {
        "type": "Transitive",
        "resolved": "0.0.31",
        "contentHash": "KmCN6Hc+45q4OnF10ge450yVUvWuxU6bdQiyKqiSvrHKpahNrEdk0kG6Ip6GHk2SKOCttGQuA206JVdkldEENg=="
      },
      "Avalonia.Controls.ColorPicker": {
        "type": "Transitive",
        "resolved": "11.3.3",
        "contentHash": "Pp7llcn2y/a0TLAk/Csni4atV6+GP9gf9KFwsEBk6zpAlW4GWHd61I2tXJNlQ1nPBZ1btX6KB7gx2Xf/Cjt/Yw==",
        "dependencies": {
          "Avalonia": "11.3.3",
          "Avalonia.Remote.Protocol": "11.3.3"
        }
      },
      "Avalonia.Diagnostics": {
        "type": "Transitive",
        "resolved": "11.3.3",
        "contentHash": "rE0xTWE1hOh6Ek6NQSFmGGD6Dcr/VgLkZIERtbdEjkaRq6iG2gIzM9Dz80BTfT2XckcJ+ZOreXzBzXI/0eCodw==",
        "dependencies": {
          "Avalonia": "11.3.3",
          "Avalonia.Controls.ColorPicker": "11.3.3",
          "Avalonia.Themes.Simple": "11.3.3"
        }
      },
      "Avalonia.FreeDesktop": {
        "type": "Transitive",
        "resolved": "11.3.3",
        "contentHash": "v9qj1EqXanhgOocun7Ii5KiX2z1zdIm2zctad+2ViAF4GWBQeeSwNRQiBdhiyeSWVFBBCZRWx2uK0IUPeZiYyA==",
        "dependencies": {
          "Avalonia": "11.3.3",
          "Tmds.DBus.Protocol": "0.21.2"
        }
      },
      "Avalonia.Markup.Xaml.Loader": {
        "type": "Transitive",
        "resolved": "11.0.0",
        "contentHash": "SDcf5qvleyTb0R24vzZBhFJV9ONlGz0ftOBRxXiSy7R6c513Rjnae0IImuUXSIj+Bmn8AjU6x9eDFRJO78pYVA==",
        "dependencies": {
          "Avalonia": "11.0.0"
        }
      },
      "Avalonia.Native": {
        "type": "Transitive",
        "resolved": "11.3.3",
        "contentHash": "hMorDU3okC5dbmSyByj48nfIYRLW2mC0sWyFE9NI7I/0hG72IeHmhBETHB9SynjS+JQSDJ2pk3f22g6qsaTaIg==",
        "dependencies": {
          "Avalonia": "11.3.3"
        }
      },
      "Avalonia.Remote.Protocol": {
        "type": "Transitive",
        "resolved": "11.3.3",
        "contentHash": "ehPZeXSI/07n9o+j+7+Pj9TK3EOoMGmB671jo+6H+a4gko8/IMhlzwo+wCMmAeZyiq+Qmpq2PagT9c2hZbwnDA=="
      },
      "Avalonia.Skia": {
        "type": "Transitive",
        "resolved": "11.3.3",
        "contentHash": "MaN/GxtWQ1UVw+K+YR1Gcmaz4JugR1Fh8R9mmvmVmLIw70wCClXqPQBPvDOgoh6wY2n0pxIQhftE8jM8K/I24Q==",
        "dependencies": {
          "Avalonia": "11.3.3",
          "HarfBuzzSharp": "8.3.1.1",
          "HarfBuzzSharp.NativeAssets.Linux": "8.3.1.1",
          "HarfBuzzSharp.NativeAssets.WebAssembly": "8.3.1.1",
          "SkiaSharp": "2.88.9",
          "SkiaSharp.NativeAssets.Linux": "2.88.9",
          "SkiaSharp.NativeAssets.WebAssembly": "2.88.9"
        }
      },
      "Avalonia.Win32": {
        "type": "Transitive",
        "resolved": "11.3.3",
        "contentHash": "to3cdaeUxkVGOXBW1e4+COCygYKF9rGhU7cWwCiw9qNpNwBl9BO/jZglHRCTLPG8M/R+8NJXEaZC9kFbLu2b0w==",
        "dependencies": {
          "Avalonia": "11.3.3",
          "Avalonia.Angle.Windows.Natives": "2.1.25547.20250602"
        }
      },
      "Avalonia.X11": {
        "type": "Transitive",
        "resolved": "11.3.3",
        "contentHash": "BBbQ0dFvV/Ad7lF2FnO+41SQB4RaCLRKzj833KIcu/UdnfeVZfnYgGerbA9i004hPCPQ2fHfscm2ZV8AGBCtMw==",
        "dependencies": {
          "Avalonia": "11.3.3",
          "Avalonia.FreeDesktop": "11.3.3",
          "Avalonia.Skia": "11.3.3"
        }
      },
      "Fody": {
        "type": "Transitive",
        "resolved": "6.9.2",
        "contentHash": "YBHobPGogb0vYhGYIxn/ndWqTjNWZveDi5jdjrcshL2vjwU3gQGyDeI7vGgye+2rAM5fGRvlLgNWLW3DpviS/w=="
      },
      "HarfBuzzSharp": {
        "type": "Transitive",
        "resolved": "8.3.1.1",
        "contentHash": "tLZN66oe/uiRPTZfrCU4i8ScVGwqHNh5MHrXj0yVf4l7Mz0FhTGnQ71RGySROTmdognAs0JtluHkL41pIabWuQ==",
        "dependencies": {
          "HarfBuzzSharp.NativeAssets.Win32": "8.3.1.1",
          "HarfBuzzSharp.NativeAssets.macOS": "8.3.1.1"
        }
      },
      "HarfBuzzSharp.NativeAssets.Linux": {
        "type": "Transitive",
        "resolved": "8.3.1.1",
        "contentHash": "3EZ1mpIiKWRLL5hUYA82ZHteeDIVaEA/Z0rA/wU6tjx6crcAkJnBPwDXZugBSfo8+J3EznvRJf49uMsqYfKrHg=="
      },
      "HarfBuzzSharp.NativeAssets.macOS": {
        "type": "Transitive",
        "resolved": "8.3.1.1",
        "contentHash": "jbtCsgftcaFLCA13tVKo5iWdElJScrulLTKJre36O4YQTIlwDtPPqhRZNk+Y0vv4D1gxbscasGRucUDfS44ofQ=="
      },
      "HarfBuzzSharp.NativeAssets.WebAssembly": {
        "type": "Transitive",
        "resolved": "8.3.1.1",
        "contentHash": "loJweK2u/mH/3C2zBa0ggJlITIszOkK64HLAZB7FUT670dTg965whLFYHDQo69NmC4+d9UN0icLC9VHidXaVCA=="
      },
      "HarfBuzzSharp.NativeAssets.Win32": {
        "type": "Transitive",
        "resolved": "8.3.1.1",
        "contentHash": "UsJtQsfAJoFDZrXc4hCUfRPMqccfKZ0iumJ/upcUjz/cmsTgVFGNEL5yaJWmkqsuFYdMWbj/En5/kS4PFl9hBA=="
      },
      "HotAvalonia.Core": {
        "type": "Transitive",
        "resolved": "3.0.0",
        "contentHash": "6mYHcr79mhOBuKJHOJA+oub8/rNR3TtiTFbVdPadmrKJv3+KZPHuZzFkSDn3KRubB0z3cw/JljKOj08K7LicRQ==",
        "dependencies": {
          "System.Reflection.Metadata": "9.0.3"
        }
      },
      "HotAvalonia.Extensions": {
        "type": "Transitive",
        "resolved": "3.0.0",
        "contentHash": "19rlMjkerMeOZwt2EHdWGS+36GlpurLC38c2iP55a9cbZ1NV3OY27V0Tq68ZpqVeFMYTlXFFdu1ydbREPPcqeQ=="
      },
      "HotAvalonia.Fody": {
        "type": "Transitive",
        "resolved": "3.0.0",
        "contentHash": "5FGM1na5gEnzUV67MmvTBjZXUjPjavkbncZeyZ/q9GxGjiwvMej0+H5VwIDCcMQWGVucBgHN5u8gz+a0IPQq7Q==",
        "dependencies": {
          "Fody": "6.9.2"
        }
      },
      "MicroCom.Runtime": {
        "type": "Transitive",
        "resolved": "0.11.0",
        "contentHash": "MEnrZ3UIiH40hjzMDsxrTyi8dtqB5ziv3iBeeU4bXsL/7NLSal9F1lZKpK+tfBRnUoDSdtcW3KufE4yhATOMCA=="
      },
      "SkiaSharp": {
        "type": "Transitive",
        "resolved": "2.88.9",
        "contentHash": "3MD5VHjXXieSHCleRLuaTXmL2pD0mB7CcOB1x2kA1I4bhptf4e3R27iM93264ZYuAq6mkUyX5XbcxnZvMJYc1Q==",
        "dependencies": {
          "SkiaSharp.NativeAssets.Win32": "2.88.9",
          "SkiaSharp.NativeAssets.macOS": "2.88.9"
        }
      },
      "SkiaSharp.NativeAssets.Linux": {
        "type": "Transitive",
        "resolved": "2.88.9",
        "contentHash": "cWSaJKVPWAaT/WIn9c8T5uT/l4ETwHxNJTkEOtNKjphNo8AW6TF9O32aRkxqw3l8GUdUo66Bu7EiqtFh/XG0Zg==",
        "dependencies": {
          "SkiaSharp": "2.88.9"
        }
      },
      "SkiaSharp.NativeAssets.macOS": {
        "type": "Transitive",
        "resolved": "2.88.9",
        "contentHash": "Nv5spmKc4505Ep7oUoJ5vp3KweFpeNqxpyGDWyeEPTX2uR6S6syXIm3gj75dM0YJz7NPvcix48mR5laqs8dPuA=="
      },
      "SkiaSharp.NativeAssets.WebAssembly": {
        "type": "Transitive",
        "resolved": "2.88.9",
        "contentHash": "kt06RccBHSnAs2wDYdBSfsjIDbY3EpsOVqnlDgKdgvyuRA8ZFDaHRdWNx1VHjGgYzmnFCGiTJBnXFl5BqGwGnA=="
      },
      "SkiaSharp.NativeAssets.Win32": {
        "type": "Transitive",
        "resolved": "2.88.9",
        "contentHash": "wb2kYgU7iy84nQLYZwMeJXixvK++GoIuECjU4ECaUKNuflyRlJKyiRhN1MAHswvlvzuvkrjRWlK0Za6+kYQK7w=="
      },
      "System.Collections.Immutable": {
        "type": "Transitive",
        "resolved": "9.0.3",
        "contentHash": "CfYi30Pbpw9aGpXVLcoGt+yM0egrE8M1DUOOwdAWOAQ2QZkXkSgjonqZYvtKdxUF1XJaLCp0OdTXueeAeUHSlQ=="
      },
      "System.IO.Pipelines": {
        "type": "Transitive",
        "resolved": "8.0.0",
        "contentHash": "FHNOatmUq0sqJOkTx+UF/9YK1f180cnW5FVqnQMvYUN0elp6wFzbtPSiqbo1/ru8ICp43JM1i7kKkk6GsNGHlA=="
      },
      "System.Reflection.Metadata": {
        "type": "Transitive",
        "resolved": "9.0.3",
        "contentHash": "7oYePO1JGlCPxOzawf8nkn80eYYboQaB4FvBWDPEvOzVHZVf96tdgbgq8LHSBrkeQoLRivx7+YhTCtirdQ386g==",
        "dependencies": {
          "System.Collections.Immutable": "9.0.3"
        }
      },
      "Tmds.DBus.Protocol": {
        "type": "Transitive",
        "resolved": "0.21.2",
        "contentHash": "ScSMrUrrw8px4kK1Glh0fZv/HQUlg1078bNXNPfRPKQ3WbRzV9HpsydYEOgSoMK5LWICMf2bMwIFH0pGjxjcMA==",
        "dependencies": {
          "System.IO.Pipelines": "8.0.0"
        }
      },
      "BinToss.GroupBox.Avalonia": {
        "type": "Project",
        "dependencies": {
          "Avalonia": "[11.*, )",
          "Avalonia.Diagnostics": "[11.*, )"
        }
      }
    },
    "net8.0/linux-arm64": {
      "Avalonia.Angle.Windows.Natives": {
        "type": "Transitive",
        "resolved": "2.1.25547.20250602",
        "contentHash": "ZL0VLc4s9rvNNFt19Pxm5UNAkmKNylugAwJPX9ulXZ6JWs/l6XZihPWWTyezaoNOVyEPU8YbURtW7XMAtqXH5A=="
      },
      "Avalonia.Native": {
        "type": "Transitive",
        "resolved": "11.3.3",
        "contentHash": "hMorDU3okC5dbmSyByj48nfIYRLW2mC0sWyFE9NI7I/0hG72IeHmhBETHB9SynjS+JQSDJ2pk3f22g6qsaTaIg==",
        "dependencies": {
          "Avalonia": "11.3.3"
        }
      },
      "HarfBuzzSharp.NativeAssets.Linux": {
        "type": "Transitive",
        "resolved": "8.3.1.1",
        "contentHash": "3EZ1mpIiKWRLL5hUYA82ZHteeDIVaEA/Z0rA/wU6tjx6crcAkJnBPwDXZugBSfo8+J3EznvRJf49uMsqYfKrHg=="
      },
      "HarfBuzzSharp.NativeAssets.macOS": {
        "type": "Transitive",
        "resolved": "8.3.1.1",
        "contentHash": "jbtCsgftcaFLCA13tVKo5iWdElJScrulLTKJre36O4YQTIlwDtPPqhRZNk+Y0vv4D1gxbscasGRucUDfS44ofQ=="
      },
      "HarfBuzzSharp.NativeAssets.Win32": {
        "type": "Transitive",
        "resolved": "8.3.1.1",
        "contentHash": "UsJtQsfAJoFDZrXc4hCUfRPMqccfKZ0iumJ/upcUjz/cmsTgVFGNEL5yaJWmkqsuFYdMWbj/En5/kS4PFl9hBA=="
      },
      "SkiaSharp.NativeAssets.Linux": {
        "type": "Transitive",
        "resolved": "2.88.9",
        "contentHash": "cWSaJKVPWAaT/WIn9c8T5uT/l4ETwHxNJTkEOtNKjphNo8AW6TF9O32aRkxqw3l8GUdUo66Bu7EiqtFh/XG0Zg==",
        "dependencies": {
          "SkiaSharp": "2.88.9"
        }
      },
      "SkiaSharp.NativeAssets.macOS": {
        "type": "Transitive",
        "resolved": "2.88.9",
        "contentHash": "Nv5spmKc4505Ep7oUoJ5vp3KweFpeNqxpyGDWyeEPTX2uR6S6syXIm3gj75dM0YJz7NPvcix48mR5laqs8dPuA=="
      },
      "SkiaSharp.NativeAssets.Win32": {
        "type": "Transitive",
        "resolved": "2.88.9",
        "contentHash": "wb2kYgU7iy84nQLYZwMeJXixvK++GoIuECjU4ECaUKNuflyRlJKyiRhN1MAHswvlvzuvkrjRWlK0Za6+kYQK7w=="
      }
    },
    "net8.0/linux-x64": {
      "Avalonia.Angle.Windows.Natives": {
        "type": "Transitive",
        "resolved": "2.1.25547.20250602",
        "contentHash": "ZL0VLc4s9rvNNFt19Pxm5UNAkmKNylugAwJPX9ulXZ6JWs/l6XZihPWWTyezaoNOVyEPU8YbURtW7XMAtqXH5A=="
      },
      "Avalonia.Native": {
        "type": "Transitive",
        "resolved": "11.3.3",
        "contentHash": "hMorDU3okC5dbmSyByj48nfIYRLW2mC0sWyFE9NI7I/0hG72IeHmhBETHB9SynjS+JQSDJ2pk3f22g6qsaTaIg==",
        "dependencies": {
          "Avalonia": "11.3.3"
        }
      },
      "HarfBuzzSharp.NativeAssets.Linux": {
        "type": "Transitive",
        "resolved": "8.3.1.1",
        "contentHash": "3EZ1mpIiKWRLL5hUYA82ZHteeDIVaEA/Z0rA/wU6tjx6crcAkJnBPwDXZugBSfo8+J3EznvRJf49uMsqYfKrHg=="
      },
      "HarfBuzzSharp.NativeAssets.macOS": {
        "type": "Transitive",
        "resolved": "8.3.1.1",
        "contentHash": "jbtCsgftcaFLCA13tVKo5iWdElJScrulLTKJre36O4YQTIlwDtPPqhRZNk+Y0vv4D1gxbscasGRucUDfS44ofQ=="
      },
      "HarfBuzzSharp.NativeAssets.Win32": {
        "type": "Transitive",
        "resolved": "8.3.1.1",
        "contentHash": "UsJtQsfAJoFDZrXc4hCUfRPMqccfKZ0iumJ/upcUjz/cmsTgVFGNEL5yaJWmkqsuFYdMWbj/En5/kS4PFl9hBA=="
      },
      "SkiaSharp.NativeAssets.Linux": {
        "type": "Transitive",
        "resolved": "2.88.9",
        "contentHash": "cWSaJKVPWAaT/WIn9c8T5uT/l4ETwHxNJTkEOtNKjphNo8AW6TF9O32aRkxqw3l8GUdUo66Bu7EiqtFh/XG0Zg==",
        "dependencies": {
          "SkiaSharp": "2.88.9"
        }
      },
      "SkiaSharp.NativeAssets.macOS": {
        "type": "Transitive",
        "resolved": "2.88.9",
        "contentHash": "Nv5spmKc4505Ep7oUoJ5vp3KweFpeNqxpyGDWyeEPTX2uR6S6syXIm3gj75dM0YJz7NPvcix48mR5laqs8dPuA=="
      },
      "SkiaSharp.NativeAssets.Win32": {
        "type": "Transitive",
        "resolved": "2.88.9",
        "contentHash": "wb2kYgU7iy84nQLYZwMeJXixvK++GoIuECjU4ECaUKNuflyRlJKyiRhN1MAHswvlvzuvkrjRWlK0Za6+kYQK7w=="
      }
    },
    "net8.0/win-x64": {
      "Avalonia.Angle.Windows.Natives": {
        "type": "Transitive",
        "resolved": "2.1.25547.20250602",
        "contentHash": "ZL0VLc4s9rvNNFt19Pxm5UNAkmKNylugAwJPX9ulXZ6JWs/l6XZihPWWTyezaoNOVyEPU8YbURtW7XMAtqXH5A=="
      },
      "Avalonia.Native": {
        "type": "Transitive",
        "resolved": "11.3.3",
        "contentHash": "hMorDU3okC5dbmSyByj48nfIYRLW2mC0sWyFE9NI7I/0hG72IeHmhBETHB9SynjS+JQSDJ2pk3f22g6qsaTaIg==",
        "dependencies": {
          "Avalonia": "11.3.3"
        }
      },
      "HarfBuzzSharp.NativeAssets.Linux": {
        "type": "Transitive",
        "resolved": "8.3.1.1",
        "contentHash": "3EZ1mpIiKWRLL5hUYA82ZHteeDIVaEA/Z0rA/wU6tjx6crcAkJnBPwDXZugBSfo8+J3EznvRJf49uMsqYfKrHg=="
      },
      "HarfBuzzSharp.NativeAssets.macOS": {
        "type": "Transitive",
        "resolved": "8.3.1.1",
        "contentHash": "jbtCsgftcaFLCA13tVKo5iWdElJScrulLTKJre36O4YQTIlwDtPPqhRZNk+Y0vv4D1gxbscasGRucUDfS44ofQ=="
      },
      "HarfBuzzSharp.NativeAssets.Win32": {
        "type": "Transitive",
        "resolved": "8.3.1.1",
        "contentHash": "UsJtQsfAJoFDZrXc4hCUfRPMqccfKZ0iumJ/upcUjz/cmsTgVFGNEL5yaJWmkqsuFYdMWbj/En5/kS4PFl9hBA=="
      },
      "SkiaSharp.NativeAssets.Linux": {
        "type": "Transitive",
        "resolved": "2.88.9",
        "contentHash": "cWSaJKVPWAaT/WIn9c8T5uT/l4ETwHxNJTkEOtNKjphNo8AW6TF9O32aRkxqw3l8GUdUo66Bu7EiqtFh/XG0Zg==",
        "dependencies": {
          "SkiaSharp": "2.88.9"
        }
      },
      "SkiaSharp.NativeAssets.macOS": {
        "type": "Transitive",
        "resolved": "2.88.9",
        "contentHash": "Nv5spmKc4505Ep7oUoJ5vp3KweFpeNqxpyGDWyeEPTX2uR6S6syXIm3gj75dM0YJz7NPvcix48mR5laqs8dPuA=="
      },
      "SkiaSharp.NativeAssets.Win32": {
        "type": "Transitive",
        "resolved": "2.88.9",
        "contentHash": "wb2kYgU7iy84nQLYZwMeJXixvK++GoIuECjU4ECaUKNuflyRlJKyiRhN1MAHswvlvzuvkrjRWlK0Za6+kYQK7w=="
      }
    },
    "net8.0/win-x86": {
      "Avalonia.Angle.Windows.Natives": {
        "type": "Transitive",
        "resolved": "2.1.25547.20250602",
        "contentHash": "ZL0VLc4s9rvNNFt19Pxm5UNAkmKNylugAwJPX9ulXZ6JWs/l6XZihPWWTyezaoNOVyEPU8YbURtW7XMAtqXH5A=="
      },
      "Avalonia.Native": {
        "type": "Transitive",
        "resolved": "11.3.3",
        "contentHash": "hMorDU3okC5dbmSyByj48nfIYRLW2mC0sWyFE9NI7I/0hG72IeHmhBETHB9SynjS+JQSDJ2pk3f22g6qsaTaIg==",
        "dependencies": {
          "Avalonia": "11.3.3"
        }
      },
      "HarfBuzzSharp.NativeAssets.Linux": {
        "type": "Transitive",
        "resolved": "8.3.1.1",
        "contentHash": "3EZ1mpIiKWRLL5hUYA82ZHteeDIVaEA/Z0rA/wU6tjx6crcAkJnBPwDXZugBSfo8+J3EznvRJf49uMsqYfKrHg=="
      },
      "HarfBuzzSharp.NativeAssets.macOS": {
        "type": "Transitive",
        "resolved": "8.3.1.1",
        "contentHash": "jbtCsgftcaFLCA13tVKo5iWdElJScrulLTKJre36O4YQTIlwDtPPqhRZNk+Y0vv4D1gxbscasGRucUDfS44ofQ=="
      },
      "HarfBuzzSharp.NativeAssets.Win32": {
        "type": "Transitive",
        "resolved": "8.3.1.1",
        "contentHash": "UsJtQsfAJoFDZrXc4hCUfRPMqccfKZ0iumJ/upcUjz/cmsTgVFGNEL5yaJWmkqsuFYdMWbj/En5/kS4PFl9hBA=="
      },
      "SkiaSharp.NativeAssets.Linux": {
        "type": "Transitive",
        "resolved": "2.88.9",
        "contentHash": "cWSaJKVPWAaT/WIn9c8T5uT/l4ETwHxNJTkEOtNKjphNo8AW6TF9O32aRkxqw3l8GUdUo66Bu7EiqtFh/XG0Zg==",
        "dependencies": {
          "SkiaSharp": "2.88.9"
        }
      },
      "SkiaSharp.NativeAssets.macOS": {
        "type": "Transitive",
        "resolved": "2.88.9",
        "contentHash": "Nv5spmKc4505Ep7oUoJ5vp3KweFpeNqxpyGDWyeEPTX2uR6S6syXIm3gj75dM0YJz7NPvcix48mR5laqs8dPuA=="
      },
      "SkiaSharp.NativeAssets.Win32": {
        "type": "Transitive",
        "resolved": "2.88.9",
        "contentHash": "wb2kYgU7iy84nQLYZwMeJXixvK++GoIuECjU4ECaUKNuflyRlJKyiRhN1MAHswvlvzuvkrjRWlK0Za6+kYQK7w=="
      }
    }
  }
}